// !$*UTF8*$!
{
	archiveVersion = 1;
	classes = {
	};
	objectVersion = 50;
	objects = {

/* Begin PBXBuildFile section */
		3FD5379E2175EF6600640D40 /* DayWeather.swift in Sources */ = {isa = PBXBuildFile; fileRef = 3FD5379D2175EF6600640D40 /* DayWeather.swift */; };
		B1EE2179216F15420031FC99 /* AppDelegate.swift in Sources */ = {isa = PBXBuildFile; fileRef = B1EE2178216F15420031FC99 /* AppDelegate.swift */; };
		B1EE217B216F15420031FC99 /* ViewController.swift in Sources */ = {isa = PBXBuildFile; fileRef = B1EE217A216F15420031FC99 /* ViewController.swift */; };
		B1EE217E216F15420031FC99 /* Main.storyboard in Resources */ = {isa = PBXBuildFile; fileRef = B1EE217C216F15420031FC99 /* Main.storyboard */; };
		B1EE2180216F154E0031FC99 /* Assets.xcassets in Resources */ = {isa = PBXBuildFile; fileRef = B1EE217F216F154E0031FC99 /* Assets.xcassets */; };
		B1EE2183216F154E0031FC99 /* LaunchScreen.storyboard in Resources */ = {isa = PBXBuildFile; fileRef = B1EE2181216F154E0031FC99 /* LaunchScreen.storyboard */; };
		B1EE218E216F154E0031FC99 /* PrognozaPogodyTests.swift in Sources */ = {isa = PBXBuildFile; fileRef = B1EE218D216F154E0031FC99 /* PrognozaPogodyTests.swift */; };
		B1EE2199216F154F0031FC99 /* PrognozaPogodyUITests.swift in Sources */ = {isa = PBXBuildFile; fileRef = B1EE2198216F154F0031FC99 /* PrognozaPogodyUITests.swift */; };
/* End PBXBuildFile section */

/* Begin PBXContainerItemProxy section */
		B1EE218A216F154E0031FC99 /* PBXContainerItemProxy */ = {
			isa = PBXContainerItemProxy;
			containerPortal = B1EE216D216F15410031FC99 /* Project object */;
			proxyType = 1;
			remoteGlobalIDString = B1EE2174216F15410031FC99;
			remoteInfo = PrognozaPogody;
		};
		B1EE2195216F154F0031FC99 /* PBXContainerItemProxy */ = {
			isa = PBXContainerItemProxy;
			containerPortal = B1EE216D216F15410031FC99 /* Project object */;
			proxyType = 1;
			remoteGlobalIDString = B1EE2174216F15410031FC99;
			remoteInfo = PrognozaPogody;
		};
/* End PBXContainerItemProxy section */

/* Begin PBXFileReference section */
		3FD5379D2175EF6600640D40 /* DayWeather.swift */ = {isa = PBXFileReference; lastKnownFileType = sourcecode.swift; path = DayWeather.swift; sourceTree = "<group>"; };
		B1EE2175216F15420031FC99 /* PrognozaPogody.app */ = {isa = PBXFileReference; explicitFileType = wrapper.application; includeInIndex = 0; path = PrognozaPogody.app; sourceTree = BUILT_PRODUCTS_DIR; };
		B1EE2178216F15420031FC99 /* AppDelegate.swift */ = {isa = PBXFileReference; lastKnownFileType = sourcecode.swift; path = AppDelegate.swift; sourceTree = "<group>"; };
		B1EE217A216F15420031FC99 /* ViewController.swift */ = {isa = PBXFileReference; lastKnownFileType = sourcecode.swift; path = ViewController.swift; sourceTree = "<group>"; };
		B1EE217D216F15420031FC99 /* Base */ = {isa = PBXFileReference; lastKnownFileType = file.storyboard; name = Base; path = Base.lproj/Main.storyboard; sourceTree = "<group>"; };
		B1EE217F216F154E0031FC99 /* Assets.xcassets */ = {isa = PBXFileReference; lastKnownFileType = folder.assetcatalog; path = Assets.xcassets; sourceTree = "<group>"; };
		B1EE2182216F154E0031FC99 /* Base */ = {isa = PBXFileReference; lastKnownFileType = file.storyboard; name = Base; path = Base.lproj/LaunchScreen.storyboard; sourceTree = "<group>"; };
		B1EE2184216F154E0031FC99 /* Info.plist */ = {isa = PBXFileReference; lastKnownFileType = text.plist.xml; path = Info.plist; sourceTree = "<group>"; };
		B1EE2189216F154E0031FC99 /* PrognozaPogodyTests.xctest */ = {isa = PBXFileReference; explicitFileType = wrapper.cfbundle; includeInIndex = 0; path = PrognozaPogodyTests.xctest; sourceTree = BUILT_PRODUCTS_DIR; };
		B1EE218D216F154E0031FC99 /* PrognozaPogodyTests.swift */ = {isa = PBXFileReference; lastKnownFileType = sourcecode.swift; path = PrognozaPogodyTests.swift; sourceTree = "<group>"; };
		B1EE218F216F154E0031FC99 /* Info.plist */ = {isa = PBXFileReference; lastKnownFileType = text.plist.xml; path = Info.plist; sourceTree = "<group>"; };
		B1EE2194216F154F0031FC99 /* PrognozaPogodyUITests.xctest */ = {isa = PBXFileReference; explicitFileType = wrapper.cfbundle; includeInIndex = 0; path = PrognozaPogodyUITests.xctest; sourceTree = BUILT_PRODUCTS_DIR; };
		B1EE2198216F154F0031FC99 /* PrognozaPogodyUITests.swift */ = {isa = PBXFileReference; lastKnownFileType = sourcecode.swift; path = PrognozaPogodyUITests.swift; sourceTree = "<group>"; };
		B1EE219A216F154F0031FC99 /* Info.plist */ = {isa = PBXFileReference; lastKnownFileType = text.plist.xml; path = Info.plist; sourceTree = "<group>"; };
/* End PBXFileReference section */

/* Begin PBXFrameworksBuildPhase section */
		B1EE2172216F15410031FC99 /* Frameworks */ = {
			isa = PBXFrameworksBuildPhase;
			buildActionMask = 2147483647;
			files = (
			);
			runOnlyForDeploymentPostprocessing = 0;
		};
		B1EE2186216F154E0031FC99 /* Frameworks */ = {
			isa = PBXFrameworksBuildPhase;
			buildActionMask = 2147483647;
			files = (
			);
			runOnlyForDeploymentPostprocessing = 0;
		};
		B1EE2191216F154F0031FC99 /* Frameworks */ = {
			isa = PBXFrameworksBuildPhase;
			buildActionMask = 2147483647;
			files = (
			);
			runOnlyForDeploymentPostprocessing = 0;
		};
/* End PBXFrameworksBuildPhase section */

/* Begin PBXGroup section */
		B1EE216C216F15410031FC99 = {
			isa = PBXGroup;
			children = (
				B1EE2177216F15420031FC99 /* PrognozaPogody */,
				B1EE218C216F154E0031FC99 /* PrognozaPogodyTests */,
				B1EE2197216F154F0031FC99 /* PrognozaPogodyUITests */,
				B1EE2176216F15420031FC99 /* Products */,
			);
			sourceTree = "<group>";
		};
		B1EE2176216F15420031FC99 /* Products */ = {
			isa = PBXGroup;
			children = (
				B1EE2175216F15420031FC99 /* PrognozaPogody.app */,
				B1EE2189216F154E0031FC99 /* PrognozaPogodyTests.xctest */,
				B1EE2194216F154F0031FC99 /* PrognozaPogodyUITests.xctest */,
			);
			name = Products;
			sourceTree = "<group>";
		};
		B1EE2177216F15420031FC99 /* PrognozaPogody */ = {
			isa = PBXGroup;
			children = (
				B1EE2178216F15420031FC99 /* AppDelegate.swift */,
				B1EE217A216F15420031FC99 /* ViewController.swift */,
				B1EE217C216F15420031FC99 /* Main.storyboard */,
				B1EE217F216F154E0031FC99 /* Assets.xcassets */,
				B1EE2181216F154E0031FC99 /* LaunchScreen.storyboard */,
				B1EE2184216F154E0031FC99 /* Info.plist */,
				3FD5379D2175EF6600640D40 /* DayWeather.swift */,
			);
			path = PrognozaPogody;
			sourceTree = "<group>";
		};
		B1EE218C216F154E0031FC99 /* PrognozaPogodyTests */ = {
			isa = PBXGroup;
			children = (
				B1EE218D216F154E0031FC99 /* PrognozaPogodyTests.swift */,
				B1EE218F216F154E0031FC99 /* Info.plist */,
			);
			path = PrognozaPogodyTests;
			sourceTree = "<group>";
		};
		B1EE2197216F154F0031FC99 /* PrognozaPogodyUITests */ = {
			isa = PBXGroup;
			children = (
				B1EE2198216F154F0031FC99 /* PrognozaPogodyUITests.swift */,
				B1EE219A216F154F0031FC99 /* Info.plist */,
			);
			path = PrognozaPogodyUITests;
			sourceTree = "<group>";
		};
/* End PBXGroup section */

/* Begin PBXNativeTarget section */
		B1EE2174216F15410031FC99 /* PrognozaPogody */ = {
			isa = PBXNativeTarget;
			buildConfigurationList = B1EE219D216F154F0031FC99 /* Build configuration list for PBXNativeTarget "PrognozaPogody" */;
			buildPhases = (
				B1EE2171216F15410031FC99 /* Sources */,
				B1EE2172216F15410031FC99 /* Frameworks */,
				B1EE2173216F15410031FC99 /* Resources */,
			);
			buildRules = (
			);
			dependencies = (
			);
			name = PrognozaPogody;
			productName = PrognozaPogody;
			productReference = B1EE2175216F15420031FC99 /* PrognozaPogody.app */;
			productType = "com.apple.product-type.application";
		};
		B1EE2188216F154E0031FC99 /* PrognozaPogodyTests */ = {
			isa = PBXNativeTarget;
			buildConfigurationList = B1EE21A0216F154F0031FC99 /* Build configuration list for PBXNativeTarget "PrognozaPogodyTests" */;
			buildPhases = (
				B1EE2185216F154E0031FC99 /* Sources */,
				B1EE2186216F154E0031FC99 /* Frameworks */,
				B1EE2187216F154E0031FC99 /* Resources */,
			);
			buildRules = (
			);
			dependencies = (
				B1EE218B216F154E0031FC99 /* PBXTargetDependency */,
			);
			name = PrognozaPogodyTests;
			productName = PrognozaPogodyTests;
			productReference = B1EE2189216F154E0031FC99 /* PrognozaPogodyTests.xctest */;
			productType = "com.apple.product-type.bundle.unit-test";
		};
		B1EE2193216F154F0031FC99 /* PrognozaPogodyUITests */ = {
			isa = PBXNativeTarget;
			buildConfigurationList = B1EE21A3216F154F0031FC99 /* Build configuration list for PBXNativeTarget "PrognozaPogodyUITests" */;
			buildPhases = (
				B1EE2190216F154F0031FC99 /* Sources */,
				B1EE2191216F154F0031FC99 /* Frameworks */,
				B1EE2192216F154F0031FC99 /* Resources */,
			);
			buildRules = (
			);
			dependencies = (
				B1EE2196216F154F0031FC99 /* PBXTargetDependency */,
			);
			name = PrognozaPogodyUITests;
			productName = PrognozaPogodyUITests;
			productReference = B1EE2194216F154F0031FC99 /* PrognozaPogodyUITests.xctest */;
			productType = "com.apple.product-type.bundle.ui-testing";
		};
/* End PBXNativeTarget section */

/* Begin PBXProject section */
		B1EE216D216F15410031FC99 /* Project object */ = {
			isa = PBXProject;
			attributes = {
				LastSwiftUpdateCheck = 1000;
				LastUpgradeCheck = 1000;
				ORGANIZATIONNAME = IHaveAMacNow;
				TargetAttributes = {
					B1EE2174216F15410031FC99 = {
						CreatedOnToolsVersion = 10.0;
					};
					B1EE2188216F154E0031FC99 = {
						CreatedOnToolsVersion = 10.0;
						TestTargetID = B1EE2174216F15410031FC99;
					};
					B1EE2193216F154F0031FC99 = {
						CreatedOnToolsVersion = 10.0;
						TestTargetID = B1EE2174216F15410031FC99;
					};
				};
			};
			buildConfigurationList = B1EE2170216F15410031FC99 /* Build configuration list for PBXProject "PrognozaPogody" */;
			compatibilityVersion = "Xcode 9.3";
			developmentRegion = en;
			hasScannedForEncodings = 0;
			knownRegions = (
				en,
				Base,
			);
			mainGroup = B1EE216C216F15410031FC99;
			productRefGroup = B1EE2176216F15420031FC99 /* Products */;
			projectDirPath = "";
			projectRoot = "";
			targets = (
				B1EE2174216F15410031FC99 /* PrognozaPogody */,
				B1EE2188216F154E0031FC99 /* PrognozaPogodyTests */,
				B1EE2193216F154F0031FC99 /* PrognozaPogodyUITests */,
			);
		};
/* End PBXProject section */

/* Begin PBXResourcesBuildPhase section */
		B1EE2173216F15410031FC99 /* Resources */ = {
			isa = PBXResourcesBuildPhase;
			buildActionMask = 2147483647;
			files = (
				B1EE2183216F154E0031FC99 /* LaunchScreen.storyboard in Resources */,
				B1EE2180216F154E0031FC99 /* Assets.xcassets in Resources */,
				B1EE217E216F15420031FC99 /* Main.storyboard in Resources */,
			);
			runOnlyForDeploymentPostprocessing = 0;
		};
		B1EE2187216F154E0031FC99 /* Resources */ = {
			isa = PBXResourcesBuildPhase;
			buildActionMask = 2147483647;
			files = (
			);
			runOnlyForDeploymentPostprocessing = 0;
		};
		B1EE2192216F154F0031FC99 /* Resources */ = {
			isa = PBXResourcesBuildPhase;
			buildActionMask = 2147483647;
			files = (
			);
			runOnlyForDeploymentPostprocessing = 0;
		};
/* End PBXResourcesBuildPhase section */

/* Begin PBXSourcesBuildPhase section */
		B1EE2171216F15410031FC99 /* Sources */ = {
			isa = PBXSourcesBuildPhase;
			buildActionMask = 2147483647;
			files = (
				B1EE217B216F15420031FC99 /* ViewController.swift in Sources */,
				3FD5379E2175EF6600640D40 /* DayWeather.swift in Sources */,
				B1EE2179216F15420031FC99 /* AppDelegate.swift in Sources */,
			);
			runOnlyForDeploymentPostprocessing = 0;
		};
		B1EE2185216F154E0031FC99 /* Sources */ = {
			isa = PBXSourcesBuildPhase;
			buildActionMask = 2147483647;
			files = (
				B1EE218E216F154E0031FC99 /* PrognozaPogodyTests.swift in Sources */,
			);
			runOnlyForDeploymentPostprocessing = 0;
		};
		B1EE2190216F154F0031FC99 /* Sources */ = {
			isa = PBXSourcesBuildPhase;
			buildActionMask = 2147483647;
			files = (
				B1EE2199216F154F0031FC99 /* PrognozaPogodyUITests.swift in Sources */,
			);
			runOnlyForDeploymentPostprocessing = 0;
		};
/* End PBXSourcesBuildPhase section */

/* Begin PBXTargetDependency section */
		B1EE218B216F154E0031FC99 /* PBXTargetDependency */ = {
			isa = PBXTargetDependency;
			target = B1EE2174216F15410031FC99 /* PrognozaPogody */;
			targetProxy = B1EE218A216F154E0031FC99 /* PBXContainerItemProxy */;
		};
		B1EE2196216F154F0031FC99 /* PBXTargetDependency */ = {
			isa = PBXTargetDependency;
			target = B1EE2174216F15410031FC99 /* PrognozaPogody */;
			targetProxy = B1EE2195216F154F0031FC99 /* PBXContainerItemProxy */;
		};
/* End PBXTargetDependency section */

/* Begin PBXVariantGroup section */
		B1EE217C216F15420031FC99 /* Main.storyboard */ = {
			isa = PBXVariantGroup;
			children = (
				B1EE217D216F15420031FC99 /* Base */,
			);
			name = Main.storyboard;
			sourceTree = "<group>";
		};
		B1EE2181216F154E0031FC99 /* LaunchScreen.storyboard */ = {
			isa = PBXVariantGroup;
			children = (
				B1EE2182216F154E0031FC99 /* Base */,
			);
			name = LaunchScreen.storyboard;
			sourceTree = "<group>";
		};
/* End PBXVariantGroup section */

/* Begin XCBuildConfiguration section */
		B1EE219B216F154F0031FC99 /* Debug */ = {
			isa = XCBuildConfiguration;
			buildSettings = {
				ALWAYS_SEARCH_USER_PATHS = NO;
				CLANG_ANALYZER_NONNULL = YES;
				CLANG_ANALYZER_NUMBER_OBJECT_CONVERSION = YES_AGGRESSIVE;
				CLANG_CXX_LANGUAGE_STANDARD = "gnu++14";
				CLANG_CXX_LIBRARY = "libc++";
				CLANG_ENABLE_MODULES = YES;
				CLANG_ENABLE_OBJC_ARC = YES;
				CLANG_ENABLE_OBJC_WEAK = YES;
				CLANG_WARN_BLOCK_CAPTURE_AUTORELEASING = YES;
				CLANG_WARN_BOOL_CONVERSION = YES;
				CLANG_WARN_COMMA = YES;
				CLANG_WARN_CONSTANT_CONVERSION = YES;
				CLANG_WARN_DEPRECATED_OBJC_IMPLEMENTATIONS = YES;
				CLANG_WARN_DIRECT_OBJC_ISA_USAGE = YES_ERROR;
				CLANG_WARN_DOCUMENTATION_COMMENTS = YES;
				CLANG_WARN_EMPTY_BODY = YES;
				CLANG_WARN_ENUM_CONVERSION = YES;
				CLANG_WARN_INFINITE_RECURSION = YES;
				CLANG_WARN_INT_CONVERSION = YES;
				CLANG_WARN_NON_LITERAL_NULL_CONVERSION = YES;
				CLANG_WARN_OBJC_IMPLICIT_RETAIN_SELF = YES;
				CLANG_WARN_OBJC_LITERAL_CONVERSION = YES;
				CLANG_WARN_OBJC_ROOT_CLASS = YES_ERROR;
				CLANG_WARN_RANGE_LOOP_ANALYSIS = YES;
				CLANG_WARN_STRICT_PROTOTYPES = YES;
				CLANG_WARN_SUSPICIOUS_MOVE = YES;
				CLANG_WARN_UNGUARDED_AVAILABILITY = YES_AGGRESSIVE;
				CLANG_WARN_UNREACHABLE_CODE = YES;
				CLANG_WARN__DUPLICATE_METHOD_MATCH = YES;
				CODE_SIGN_IDENTITY = "iPhone Developer";
				COPY_PHASE_STRIP = NO;
				DEBUG_INFORMATION_FORMAT = dwarf;
				ENABLE_STRICT_OBJC_MSGSEND = YES;
				ENABLE_TESTABILITY = YES;
				GCC_C_LANGUAGE_STANDARD = gnu11;
				GCC_DYNAMIC_NO_PIC = NO;
				GCC_NO_COMMON_BLOCKS = YES;
				GCC_OPTIMIZATION_LEVEL = 0;
				GCC_PREPROCESSOR_DEFINITIONS = (
					"DEBUG=1",
					"$(inherited)",
				);
				GCC_WARN_64_TO_32_BIT_CONVERSION = YES;
				GCC_WARN_ABOUT_RETURN_TYPE = YES_ERROR;
				GCC_WARN_UNDECLARED_SELECTOR = YES;
				GCC_WARN_UNINITIALIZED_AUTOS = YES_AGGRESSIVE;
				GCC_WARN_UNUSED_FUNCTION = YES;
				GCC_WARN_UNUSED_VARIABLE = YES;
				IPHONEOS_DEPLOYMENT_TARGET = 12.0;
				MTL_ENABLE_DEBUG_INFO = INCLUDE_SOURCE;
				MTL_FAST_MATH = YES;
				ONLY_ACTIVE_ARCH = YES;
				SDKROOT = iphoneos;
				SWIFT_ACTIVE_COMPILATION_CONDITIONS = DEBUG;
				SWIFT_OPTIMIZATION_LEVEL = "-Onone";
			};
			name = Debug;
		};
		B1EE219C216F154F0031FC99 /* Release */ = {
			isa = XCBuildConfiguration;
			buildSettings = {
				ALWAYS_SEARCH_USER_PATHS = NO;
				CLANG_ANALYZER_NONNULL = YES;
				CLANG_ANALYZER_NUMBER_OBJECT_CONVERSION = YES_AGGRESSIVE;
				CLANG_CXX_LANGUAGE_STANDARD = "gnu++14";
				CLANG_CXX_LIBRARY = "libc++";
				CLANG_ENABLE_MODULES = YES;
				CLANG_ENABLE_OBJC_ARC = YES;
				CLANG_ENABLE_OBJC_WEAK = YES;
				CLANG_WARN_BLOCK_CAPTURE_AUTORELEASING = YES;
				CLANG_WARN_BOOL_CONVERSION = YES;
				CLANG_WARN_COMMA = YES;
				CLANG_WARN_CONSTANT_CONVERSION = YES;
				CLANG_WARN_DEPRECATED_OBJC_IMPLEMENTATIONS = YES;
				CLANG_WARN_DIRECT_OBJC_ISA_USAGE = YES_ERROR;
				CLANG_WARN_DOCUMENTATION_COMMENTS = YES;
				CLANG_WARN_EMPTY_BODY = YES;
				CLANG_WARN_ENUM_CONVERSION = YES;
				CLANG_WARN_INFINITE_RECURSION = YES;
				CLANG_WARN_INT_CONVERSION = YES;
				CLANG_WARN_NON_LITERAL_NULL_CONVERSION = YES;
				CLANG_WARN_OBJC_IMPLICIT_RETAIN_SELF = YES;
				CLANG_WARN_OBJC_LITERAL_CONVERSION = YES;
				CLANG_WARN_OBJC_ROOT_CLASS = YES_ERROR;
				CLANG_WARN_RANGE_LOOP_ANALYSIS = YES;
				CLANG_WARN_STRICT_PROTOTYPES = YES;
				CLANG_WARN_SUSPICIOUS_MOVE = YES;
				CLANG_WARN_UNGUARDED_AVAILABILITY = YES_AGGRESSIVE;
				CLANG_WARN_UNREACHABLE_CODE = YES;
				CLANG_WARN__DUPLICATE_METHOD_MATCH = YES;
				CODE_SIGN_IDENTITY = "iPhone Developer";
				COPY_PHASE_STRIP = NO;
				DEBUG_INFORMATION_FORMAT = "dwarf-with-dsym";
				ENABLE_NS_ASSERTIONS = NO;
				ENABLE_STRICT_OBJC_MSGSEND = YES;
				GCC_C_LANGUAGE_STANDARD = gnu11;
				GCC_NO_COMMON_BLOCKS = YES;
				GCC_WARN_64_TO_32_BIT_CONVERSION = YES;
				GCC_WARN_ABOUT_RETURN_TYPE = YES_ERROR;
				GCC_WARN_UNDECLARED_SELECTOR = YES;
				GCC_WARN_UNINITIALIZED_AUTOS = YES_AGGRESSIVE;
				GCC_WARN_UNUSED_FUNCTION = YES;
				GCC_WARN_UNUSED_VARIABLE = YES;
				IPHONEOS_DEPLOYMENT_TARGET = 12.0;
				MTL_ENABLE_DEBUG_INFO = NO;
				MTL_FAST_MATH = YES;
				SDKROOT = iphoneos;
				SWIFT_COMPILATION_MODE = wholemodule;
				SWIFT_OPTIMIZATION_LEVEL = "-O";
				VALIDATE_PRODUCT = YES;
			};
			name = Release;
		};
		B1EE219E216F154F0031FC99 /* Debug */ = {
			isa = XCBuildConfiguration;
			buildSettings = {
				ASSETCATALOG_COMPILER_APPICON_NAME = AppIcon;
				CODE_SIGN_STYLE = Automatic;
				INFOPLIST_FILE = PrognozaPogody/Info.plist;
				LD_RUNPATH_SEARCH_PATHS = (
					"$(inherited)",
					"@executable_path/Frameworks",
				);
				PRODUCT_BUNDLE_IDENTIFIER = pl.edu.agh.piotrowski.PrognozaPogody;
				PRODUCT_NAME = "$(TARGET_NAME)";
				SWIFT_VERSION = 4.2;
				TARGETED_DEVICE_FAMILY = "1,2";
			};
			name = Debug;
		};
		B1EE219F216F154F0031FC99 /* Release */ = {
			isa = XCBuildConfiguration;
			buildSettings = {
				ASSETCATALOG_COMPILER_APPICON_NAME = AppIcon;
				CODE_SIGN_STYLE = Automatic;
				INFOPLIST_FILE = PrognozaPogody/Info.plist;
				LD_RUNPATH_SEARCH_PATHS = (
					"$(inherited)",
					"@executable_path/Frameworks",
				);
				PRODUCT_BUNDLE_IDENTIFIER = pl.edu.agh.piotrowski.PrognozaPogody;
				PRODUCT_NAME = "$(TARGET_NAME)";
				SWIFT_VERSION = 4.2;
				TARGETED_DEVICE_FAMILY = "1,2";
			};
			name = Release;
		};
		B1EE21A1216F154F0031FC99 /* Debug */ = {
			isa = XCBuildConfiguration;
			buildSettings = {
				ALWAYS_EMBED_SWIFT_STANDARD_LIBRARIES = YES;
				BUNDLE_LOADER = "$(TEST_HOST)";
				CODE_SIGN_STYLE = Automatic;
				INFOPLIST_FILE = PrognozaPogodyTests/Info.plist;
				LD_RUNPATH_SEARCH_PATHS = (
					"$(inherited)",
					"@executable_path/Frameworks",
					"@loader_path/Frameworks",
				);
				PRODUCT_BUNDLE_IDENTIFIER = pl.edu.agh.piotrowski.PrognozaPogodyTests;
				PRODUCT_NAME = "$(TARGET_NAME)";
				SWIFT_VERSION = 4.2;
				TARGETED_DEVICE_FAMILY = "1,2";
				TEST_HOST = "$(BUILT_PRODUCTS_DIR)/PrognozaPogody.app/PrognozaPogody";
			};
			name = Debug;
		};
		B1EE21A2216F154F0031FC99 /* Release */ = {
			isa = XCBuildConfiguration;
			buildSettings = {
				ALWAYS_EMBED_SWIFT_STANDARD_LIBRARIES = YES;
				BUNDLE_LOADER = "$(TEST_HOST)";
				CODE_SIGN_STYLE = Automatic;
				INFOPLIST_FILE = PrognozaPogodyTests/Info.plist;
				LD_RUNPATH_SEARCH_PATHS = (
					"$(inherited)",
					"@executable_path/Frameworks",
					"@loader_path/Frameworks",
				);
				PRODUCT_BUNDLE_IDENTIFIER = pl.edu.agh.piotrowski.PrognozaPogodyTests;
				PRODUCT_NAME = "$(TARGET_NAME)";
				SWIFT_VERSION = 4.2;
				TARGETED_DEVICE_FAMILY = "1,2";
				TEST_HOST = "$(BUILT_PRODUCTS_DIR)/PrognozaPogody.app/PrognozaPogody";
			};
			name = Release;
		};
		B1EE21A4216F154F0031FC99 /* Debug */ = {
			isa = XCBuildConfiguration;
			buildSettings = {
				ALWAYS_EMBED_SWIFT_STANDARD_LIBRARIES = YES;
				CODE_SIGN_STYLE = Automatic;
				INFOPLIST_FILE = PrognozaPogodyUITests/Info.plist;
				LD_RUNPATH_SEARCH_PATHS = (
					"$(inherited)",
					"@executable_path/Frameworks",
					"@loader_path/Frameworks",
				);
				PRODUCT_BUNDLE_IDENTIFIER = pl.edu.agh.piotrowski.PrognozaPogodyUITests;
				PRODUCT_NAME = "$(TARGET_NAME)";
				SWIFT_VERSION = 4.2;
				TARGETED_DEVICE_FAMILY = "1,2";
				TEST_TARGET_NAME = PrognozaPogody;
			};
			name = Debug;
		};
		B1EE21A5216F154F0031FC99 /* Release */ = {
			isa = XCBuildConfiguration;
			buildSettings = {
				ALWAYS_EMBED_SWIFT_STANDARD_LIBRARIES = YES;
				CODE_SIGN_STYLE = Automatic;
				INFOPLIST_FILE = PrognozaPogodyUITests/Info.plist;
				LD_RUNPATH_SEARCH_PATHS = (
					"$(inherited)",
					"@executable_path/Frameworks",
					"@loader_path/Frameworks",
				);
				PRODUCT_BUNDLE_IDENTIFIER = pl.edu.agh.piotrowski.PrognozaPogodyUITests;
				PRODUCT_NAME = "$(TARGET_NAME)";
				SWIFT_VERSION = 4.2;
				TARGETED_DEVICE_FAMILY = "1,2";
				TEST_TARGET_NAME = PrognozaPogody;
			};
			name = Release;
		};
/* End XCBuildConfiguration section */

/* Begin XCConfigurationList section */
		B1EE2170216F15410031FC99 /* Build configuration list for PBXProject "PrognozaPogody" */ = {
			isa = XCConfigurationList;
			buildConfigurations = (
				B1EE219B216F154F0031FC99 /* Debug */,
				B1EE219C216F154F0031FC99 /* Release */,
			);
			defaultConfigurationIsVisible = 0;
			defaultConfigurationName = Release;
		};
		B1EE219D216F154F0031FC99 /* Build configuration list for PBXNativeTarget "PrognozaPogody" */ = {
			isa = XCConfigurationList;
			buildConfigurations = (
				B1EE219E216F154F0031FC99 /* Debug */,
				B1EE219F216F154F0031FC99 /* Release */,
			);
			defaultConfigurationIsVisible = 0;
			defaultConfigurationName = Release;
		};
		B1EE21A0216F154F0031FC99 /* Build configuration list for PBXNativeTarget "PrognozaPogodyTests" */ = {
			isa = XCConfigurationList;
			buildConfigurations = (
				B1EE21A1216F154F0031FC99 /* Debug */,
				B1EE21A2216F154F0031FC99 /* Release */,
			);
			defaultConfigurationIsVisible = 0;
			defaultConfigurationName = Release;
		};
		B1EE21A3216F154F0031FC99 /* Build configuration list for PBXNativeTarget "PrognozaPogodyUITests" */ = {
			isa = XCConfigurationList;
			buildConfigurations = (
				B1EE21A4216F154F0031FC99 /* Debug */,
				B1EE21A5216F154F0031FC99 /* Release */,
			);
			defaultConfigurationIsVisible = 0;
			defaultConfigurationName = Release;
		};
/* End XCConfigurationList section */
	};
	rootObject = B1EE216D216F15410031FC99 /* Project object */;
}
